
Microsoft Visual Studio Solution File, Format Version 12.00
# Visual Studio Version 17
VisualStudioVersion = 17.7.34009.444
MinimumVisualStudioVersion = 10.0.40219.1
Project("{2150E333-8FDC-42A3-9474-1A3956D46DE8}") = "src", "src", "{3AF2C1EC-E1B3-479F-A81B-D04E2A15B589}"
EndProject
Project("{2150E333-8FDC-42A3-9474-1A3956D46DE8}") = "API", "API", "{E54C0B44-6BB0-469D-8BE4-00BA4ED6ACEB}"
EndProject
Project("{2150E333-8FDC-42A3-9474-1A3956D46DE8}") = "Core", "Core", "{CC73DC1D-C159-4E13-B4DE-3B097272F645}"
EndProject
Project("{2150E333-8FDC-42A3-9474-1A3956D46DE8}") = "Infrastructure", "Infrastructure", "{9D820B39-0DEE-4744-AB3B-65A430C8C11C}"
EndProject
Project("{2150E333-8FDC-42A3-9474-1A3956D46DE8}") = "UI", "UI", "{7750C1FC-DEB2-4694-8517-8F775C64E1DE}"
EndProject
Project("{9A19103F-16F7-4668-BE54-9A1E7A4F7556}") = "SampleTask.Application", "SampleTask.Application\SampleTask.Application.csproj", "{765B943B-A27D-44BF-8ED4-3E47D4DE2203}"
EndProject
Project("{9A19103F-16F7-4668-BE54-9A1E7A4F7556}") = "SampleTask.Domain", "SampleTask.Domain\SampleTask.Domain.csproj", "{1B724F55-2A86-4775-910F-18F2BE70C709}"
EndProject
Project("{9A19103F-16F7-4668-BE54-9A1E7A4F7556}") = "SampleTask.Persistence", "SampleTask.Persistence\SampleTask.Persistence.csproj", "{08047FCC-15B0-4D9F-B8D5-412D8C1BCCE1}"
EndProject
Project("{9A19103F-16F7-4668-BE54-9A1E7A4F7556}") = "SampleTask.Api", "SampleTask.Api\SampleTask.Api.csproj", "{C6BB1979-0A6C-4A1A-9F03-A07F607FA005}"
EndProject
Project("{FAE04EC0-301F-11D3-BF4B-00C04F79EFBC}") = "SampleTask.Identity", "SampleTask.Identity\SampleTask.Identity.csproj", "{57977CCC-926A-4C49-AABA-020C9EBC30EC}"
EndProject
Global
	GlobalSection(SolutionConfigurationPlatforms) = preSolution
		Debug|Any CPU = Debug|Any CPU
		Release|Any CPU = Release|Any CPU
	EndGlobalSection
	GlobalSection(ProjectConfigurationPlatforms) = postSolution
		{765B943B-A27D-44BF-8ED4-3E47D4DE2203}.Debug|Any CPU.ActiveCfg = Debug|Any CPU
		{765B943B-A27D-44BF-8ED4-3E47D4DE2203}.Debug|Any CPU.Build.0 = Debug|Any CPU
		{765B943B-A27D-44BF-8ED4-3E47D4DE2203}.Release|Any CPU.ActiveCfg = Release|Any CPU
		{765B943B-A27D-44BF-8ED4-3E47D4DE2203}.Release|Any CPU.Build.0 = Release|Any CPU
		{1B724F55-2A86-4775-910F-18F2BE70C709}.Debug|Any CPU.ActiveCfg = Debug|Any CPU
		{1B724F55-2A86-4775-910F-18F2BE70C709}.Debug|Any CPU.Build.0 = Debug|Any CPU
		{1B724F55-2A86-4775-910F-18F2BE70C709}.Release|Any CPU.ActiveCfg = Release|Any CPU
		{1B724F55-2A86-4775-910F-18F2BE70C709}.Release|Any CPU.Build.0 = Release|Any CPU
		{08047FCC-15B0-4D9F-B8D5-412D8C1BCCE1}.Debug|Any CPU.ActiveCfg = Debug|Any CPU
		{08047FCC-15B0-4D9F-B8D5-412D8C1BCCE1}.Debug|Any CPU.Build.0 = Debug|Any CPU
		{08047FCC-15B0-4D9F-B8D5-412D8C1BCCE1}.Release|Any CPU.ActiveCfg = Release|Any CPU
		{08047FCC-15B0-4D9F-B8D5-412D8C1BCCE1}.Release|Any CPU.Build.0 = Release|Any CPU
		{C6BB1979-0A6C-4A1A-9F03-A07F607FA005}.Debug|Any CPU.ActiveCfg = Debug|Any CPU
		{C6BB1979-0A6C-4A1A-9F03-A07F607FA005}.Debug|Any CPU.Build.0 = Debug|Any CPU
		{C6BB1979-0A6C-4A1A-9F03-A07F607FA005}.Release|Any CPU.ActiveCfg = Release|Any CPU
		{C6BB1979-0A6C-4A1A-9F03-A07F607FA005}.Release|Any CPU.Build.0 = Release|Any CPU
		{57977CCC-926A-4C49-AABA-020C9EBC30EC}.Debug|Any CPU.ActiveCfg = Debug|Any CPU
		{57977CCC-926A-4C49-AABA-020C9EBC30EC}.Debug|Any CPU.Build.0 = Debug|Any CPU
		{57977CCC-926A-4C49-AABA-020C9EBC30EC}.Release|Any CPU.ActiveCfg = Release|Any CPU
		{57977CCC-926A-4C49-AABA-020C9EBC30EC}.Release|Any CPU.Build.0 = Release|Any CPU
	EndGlobalSection
	GlobalSection(SolutionProperties) = preSolution
		HideSolutionNode = FALSE
	EndGlobalSection
	GlobalSection(NestedProjects) = preSolution
		{E54C0B44-6BB0-469D-8BE4-00BA4ED6ACEB} = {3AF2C1EC-E1B3-479F-A81B-D04E2A15B589}
		{CC73DC1D-C159-4E13-B4DE-3B097272F645} = {3AF2C1EC-E1B3-479F-A81B-D04E2A15B589}
		{9D820B39-0DEE-4744-AB3B-65A430C8C11C} = {3AF2C1EC-E1B3-479F-A81B-D04E2A15B589}
		{7750C1FC-DEB2-4694-8517-8F775C64E1DE} = {3AF2C1EC-E1B3-479F-A81B-D04E2A15B589}
		{765B943B-A27D-44BF-8ED4-3E47D4DE2203} = {CC73DC1D-C159-4E13-B4DE-3B097272F645}
		{1B724F55-2A86-4775-910F-18F2BE70C709} = {CC73DC1D-C159-4E13-B4DE-3B097272F645}
		{08047FCC-15B0-4D9F-B8D5-412D8C1BCCE1} = {9D820B39-0DEE-4744-AB3B-65A430C8C11C}
		{C6BB1979-0A6C-4A1A-9F03-A07F607FA005} = {E54C0B44-6BB0-469D-8BE4-00BA4ED6ACEB}
		{57977CCC-926A-4C49-AABA-020C9EBC30EC} = {9D820B39-0DEE-4744-AB3B-65A430C8C11C}
	EndGlobalSection
	GlobalSection(ExtensibilityGlobals) = postSolution
		SolutionGuid = {CEA27A02-0278-4860-B88B-98F145E83B42}
	EndGlobalSection
EndGlobal
